{
  "version": 4,
  "terraform_version": "1.6.3",
  "serial": 12,
  "lineage": "198c6d23-137a-cd24-86c6-a05c34c2a694",
  "outputs": {
    "instance_1_info": {
      "value": {
        "host_name": "ITHUBterraforubuntu1-Golubov",
        "ip": "192.168.254.100"
      },
      "type": [
        "object",
        {
          "host_name": "string",
          "ip": "string"
        }
      ]
    },
    "instance_2_info": {
      "value": {
        "host_name": "ITHUBterraforubuntu2-Golubov",
        "ip": "192.168.254.200"
      },
      "type": [
        "object",
        {
          "host_name": "string",
          "ip": "string"
        }
      ]
    }
  },
  "resources": [
    {
      "mode": "data",
      "type": "vkcs_images_image",
      "name": "compute",
      "provider": "provider[\"registry.terraform.io/vk-cs/vkcs\"]",
      "instances": [
        {
          "schema_version": 0,
          "attributes": {
            "checksum": "88682151cd3333651cf0c31db9a8e731",
            "container_format": "bare",
            "created_at": "2024-12-16T13:54:22Z",
            "default": true,
            "disk_format": "qcow2",
            "file": "/v2/images/c1703b98-c903-436c-9de3-370af53a306f/file",
            "id": "c1703b98-c903-436c-9de3-370af53a306f",
            "member_status": null,
            "metadata": {},
            "min_disk_gb": 4,
            "min_ram_mb": 0,
            "most_recent": false,
            "name": "ubuntu-22-202412161339.gitddc29734",
            "owner": "432fd5d3387444b3b84a58d0a6df9eb9",
            "properties": {
              "mcs_os_distro": "ubuntu",
              "mcs_os_version": "22.04"
            },
            "protected": false,
            "region": "RegionOne",
            "schema": "/v2/schemas/image",
            "size_bytes": 701693952,
            "size_max": null,
            "size_min": null,
            "tag": null,
            "tags": [],
            "updated_at": "2024-12-16T13:54:37Z",
            "visibility": "public"
          },
          "sensitive_attributes": []
        }
      ]
    },
    {
      "mode": "managed",
      "type": "vkcs_compute_instance",
      "name": "terraform_instance_1",
      "provider": "provider[\"registry.terraform.io/vk-cs/vkcs\"]",
      "instances": [
        {
          "schema_version": 0,
          "attributes": {
            "access_ip_v4": "192.168.254.100",
            "admin_pass": null,
            "all_metadata": {},
            "all_tags": [],
            "availability_zone": "MS1",
            "block_device": [
              {
                "boot_index": 0,
                "delete_on_termination": false,
                "destination_type": "volume",
                "device_type": "",
                "disk_bus": "",
                "guest_format": "",
                "source_type": "image",
                "uuid": "c1703b98-c903-436c-9de3-370af53a306f",
                "volume_size": 10,
                "volume_type": ""
              }
            ],
            "cloud_monitoring": [],
            "config_drive": null,
            "flavor_id": "467c1b72-a6a2-4375-9cca-078cdc5bfdde",
            "flavor_name": "STD2-2-2",
            "force_delete": false,
            "id": "cacd7c2f-7f47-4422-9665-43c2734c2b80",
            "image_id": "Attempt to boot from volume - no image supplied",
            "image_name": null,
            "key_pair": "",
            "metadata": null,
            "name": "ITHUBterraforubuntu1-Golubov",
            "network": [
              {
                "access_network": false,
                "fixed_ip_v4": "192.168.254.100",
                "mac": "fa:16:3e:c3:6d:59",
                "name": "ITHUBterraformnetwork-Golubov",
                "port": "",
                "uuid": "9d2bc3b4-c66a-4fef-b7ae-f0de8d80ffce"
              }
            ],
            "network_mode": null,
            "personality": [],
            "power_state": "active",
            "region": "RegionOne",
            "scheduler_hints": [],
            "security_group_ids": [
              "48a5a671-7af0-4b4b-82e6-cab4174e7d49"
            ],
            "security_groups": [
              "SecGroup-Golubov"
            ],
            "stop_before_destroy": false,
            "tags": null,
            "timeouts": null,
            "user_data": null,
            "vendor_options": []
          },
          "sensitive_attributes": [],
          "private": "eyJlMmJmYjczMC1lY2FhLTExZTYtOGY4OC0zNDM2M2JjN2M0YzAiOnsiY3JlYXRlIjoxODAwMDAwMDAwMDAwLCJkZWxldGUiOjE4MDAwMDAwMDAwMDAsInVwZGF0ZSI6MTgwMDAwMDAwMDAwMH19",
          "dependencies": [
            "data.vkcs_images_image.compute",
            "vkcs_networking_network.terraform_network",
            "vkcs_networking_secgroup.main_sg"
          ]
        }
      ]
    },
    {
      "mode": "managed",
      "type": "vkcs_compute_instance",
      "name": "terraform_instance_2",
      "provider": "provider[\"registry.terraform.io/vk-cs/vkcs\"]",
      "instances": [
        {
          "schema_version": 0,
          "attributes": {
            "access_ip_v4": "192.168.254.200",
            "admin_pass": null,
            "all_metadata": {},
            "all_tags": [],
            "availability_zone": "GZ1",
            "block_device": [
              {
                "boot_index": 0,
                "delete_on_termination": false,
                "destination_type": "volume",
                "device_type": "",
                "disk_bus": "",
                "guest_format": "",
                "source_type": "image",
                "uuid": "c1703b98-c903-436c-9de3-370af53a306f",
                "volume_size": 10,
                "volume_type": ""
              }
            ],
            "cloud_monitoring": [],
            "config_drive": null,
            "flavor_id": "467c1b72-a6a2-4375-9cca-078cdc5bfdde",
            "flavor_name": "STD2-2-2",
            "force_delete": false,
            "id": "43ea8949-3a4a-41aa-809f-07b4b253d139",
            "image_id": "Attempt to boot from volume - no image supplied",
            "image_name": null,
            "key_pair": "",
            "metadata": null,
            "name": "ITHUBterraforubuntu2-Golubov",
            "network": [
              {
                "access_network": false,
                "fixed_ip_v4": "192.168.254.200",
                "mac": "fa:16:3e:df:9f:73",
                "name": "ITHUBterraformnetwork-Golubov",
                "port": "",
                "uuid": "9d2bc3b4-c66a-4fef-b7ae-f0de8d80ffce"
              }
            ],
            "network_mode": null,
            "personality": [],
            "power_state": "active",
            "region": "RegionOne",
            "scheduler_hints": [],
            "security_group_ids": [
              "48a5a671-7af0-4b4b-82e6-cab4174e7d49"
            ],
            "security_groups": [
              "SecGroup-Golubov"
            ],
            "stop_before_destroy": false,
            "tags": null,
            "timeouts": null,
            "user_data": null,
            "vendor_options": []
          },
          "sensitive_attributes": [],
          "private": "eyJlMmJmYjczMC1lY2FhLTExZTYtOGY4OC0zNDM2M2JjN2M0YzAiOnsiY3JlYXRlIjoxODAwMDAwMDAwMDAwLCJkZWxldGUiOjE4MDAwMDAwMDAwMDAsInVwZGF0ZSI6MTgwMDAwMDAwMDAwMH19",
          "dependencies": [
            "data.vkcs_images_image.compute",
            "vkcs_networking_network.terraform_network",
            "vkcs_networking_secgroup.main_sg"
          ]
        }
      ]
    },
    {
      "mode": "managed",
      "type": "vkcs_networking_network",
      "name": "terraform_network",
      "provider": "provider[\"registry.terraform.io/vk-cs/vkcs\"]",
      "instances": [
        {
          "schema_version": 0,
          "attributes": {
            "admin_state_up": true,
            "all_tags": [],
            "description": "",
            "id": "9d2bc3b4-c66a-4fef-b7ae-f0de8d80ffce",
            "name": "ITHUBterraformnetwork-Golubov",
            "port_security_enabled": true,
            "private_dns_domain": "mcs.local.",
            "region": "RegionOne",
            "sdn": "neutron",
            "tags": null,
            "timeouts": null,
            "value_specs": null,
            "vkcs_services_access": false
          },
          "sensitive_attributes": [],
          "private": "eyJlMmJmYjczMC1lY2FhLTExZTYtOGY4OC0zNDM2M2JjN2M0YzAiOnsiY3JlYXRlIjo2MDAwMDAwMDAwMDAsImRlbGV0ZSI6NjAwMDAwMDAwMDAwfX0="
        }
      ]
    },
    {
      "mode": "managed",
      "type": "vkcs_networking_router",
      "name": "terraform_router",
      "provider": "provider[\"registry.terraform.io/vk-cs/vkcs\"]",
      "instances": [
        {
          "schema_version": 0,
          "attributes": {
            "admin_state_up": true,
            "all_tags": [],
            "description": "",
            "external_fixed_ips": [
              {
                "ip_address": "217.16.21.139",
                "subnet_id": "30acf3ce-4141-4f7b-9777-f426b664141f"
              }
            ],
            "external_network_id": "298117ae-3fa4-4109-9e08-8be5602be5a2",
            "id": "81d5e5ff-de83-4016-90a3-3fd429d6cd29",
            "name": "ITHUBterraformrouter-Golubov",
            "region": "RegionOne",
            "sdn": "neutron",
            "tags": null,
            "timeouts": null,
            "value_specs": null,
            "vendor_options": []
          },
          "sensitive_attributes": [],
          "private": "eyJlMmJmYjczMC1lY2FhLTExZTYtOGY4OC0zNDM2M2JjN2M0YzAiOnsiY3JlYXRlIjo2MDAwMDAwMDAwMDAsImRlbGV0ZSI6NjAwMDAwMDAwMDAwfX0="
        }
      ]
    },
    {
      "mode": "managed",
      "type": "vkcs_networking_router_interface",
      "name": "router_interface",
      "provider": "provider[\"registry.terraform.io/vk-cs/vkcs\"]",
      "instances": [
        {
          "schema_version": 0,
          "attributes": {
            "id": "69756dee-b22b-4bd1-a505-f269c1bd9be8",
            "port_id": "69756dee-b22b-4bd1-a505-f269c1bd9be8",
            "region": "RegionOne",
            "router_id": "81d5e5ff-de83-4016-90a3-3fd429d6cd29",
            "sdn": "neutron",
            "subnet_id": "da2f14e5-86ac-47b3-947b-f99b26817cb9",
            "timeouts": null
          },
          "sensitive_attributes": [],
          "private": "eyJlMmJmYjczMC1lY2FhLTExZTYtOGY4OC0zNDM2M2JjN2M0YzAiOnsiY3JlYXRlIjo2MDAwMDAwMDAwMDAsImRlbGV0ZSI6NjAwMDAwMDAwMDAwfX0=",
          "dependencies": [
            "vkcs_networking_network.terraform_network",
            "vkcs_networking_router.terraform_router",
            "vkcs_networking_subnet.terraform_subnet"
          ]
        }
      ]
    },
    {
      "mode": "managed",
      "type": "vkcs_networking_secgroup",
      "name": "main_sg",
      "provider": "provider[\"registry.terraform.io/vk-cs/vkcs\"]",
      "instances": [
        {
          "schema_version": 0,
          "attributes": {
            "all_tags": [],
            "delete_default_rules": null,
            "description": "",
            "id": "48a5a671-7af0-4b4b-82e6-cab4174e7d49",
            "name": "SecGroup-Golubov",
            "region": "RegionOne",
            "sdn": "neutron",
            "tags": null,
            "timeouts": null
          },
          "sensitive_attributes": [],
          "private": "eyJlMmJmYjczMC1lY2FhLTExZTYtOGY4OC0zNDM2M2JjN2M0YzAiOnsiZGVsZXRlIjo2MDAwMDAwMDAwMDB9fQ=="
        }
      ]
    },
    {
      "mode": "managed",
      "type": "vkcs_networking_secgroup_rule",
      "name": "allow_dns",
      "provider": "provider[\"registry.terraform.io/vk-cs/vkcs\"]",
      "instances": [
        {
          "schema_version": 0,
          "attributes": {
            "description": "",
            "direction": "egress",
            "ethertype": "IPv4",
            "id": "17c8e998-6886-4eaa-a406-ab5c37ce563f",
            "port_range_max": 53,
            "port_range_min": 53,
            "protocol": "udp",
            "region": "RegionOne",
            "remote_group_id": "",
            "remote_ip_prefix": "0.0.0.0/0",
            "sdn": "neutron",
            "security_group_id": "48a5a671-7af0-4b4b-82e6-cab4174e7d49",
            "timeouts": null
          },
          "sensitive_attributes": [],
          "private": "eyJlMmJmYjczMC1lY2FhLTExZTYtOGY4OC0zNDM2M2JjN2M0YzAiOnsiZGVsZXRlIjo2MDAwMDAwMDAwMDB9fQ==",
          "dependencies": [
            "vkcs_networking_secgroup.main_sg"
          ]
        }
      ]
    },
    {
      "mode": "managed",
      "type": "vkcs_networking_secgroup_rule",
      "name": "allow_traffic",
      "provider": "provider[\"registry.terraform.io/vk-cs/vkcs\"]",
      "instances": [
        {
          "index_key": 0,
          "schema_version": 0,
          "attributes": {
            "description": "",
            "direction": "ingress",
            "ethertype": "IPv4",
            "id": "309a21a5-11b6-4a00-b1b7-6159666ab39d",
            "port_range_max": 22,
            "port_range_min": 22,
            "protocol": "tcp",
            "region": "RegionOne",
            "remote_group_id": "",
            "remote_ip_prefix": "0.0.0.0/0",
            "sdn": "neutron",
            "security_group_id": "48a5a671-7af0-4b4b-82e6-cab4174e7d49",
            "timeouts": null
          },
          "sensitive_attributes": [],
          "private": "eyJlMmJmYjczMC1lY2FhLTExZTYtOGY4OC0zNDM2M2JjN2M0YzAiOnsiZGVsZXRlIjo2MDAwMDAwMDAwMDB9fQ==",
          "dependencies": [
            "vkcs_networking_secgroup.main_sg"
          ]
        },
        {
          "index_key": 1,
          "schema_version": 0,
          "attributes": {
            "description": "",
            "direction": "ingress",
            "ethertype": "IPv4",
            "id": "08c71d0b-0c1c-44f6-9bbd-b411bcb75126",
            "port_range_max": 80,
            "port_range_min": 80,
            "protocol": "tcp",
            "region": "RegionOne",
            "remote_group_id": "",
            "remote_ip_prefix": "0.0.0.0/0",
            "sdn": "neutron",
            "security_group_id": "48a5a671-7af0-4b4b-82e6-cab4174e7d49",
            "timeouts": null
          },
          "sensitive_attributes": [],
          "private": "eyJlMmJmYjczMC1lY2FhLTExZTYtOGY4OC0zNDM2M2JjN2M0YzAiOnsiZGVsZXRlIjo2MDAwMDAwMDAwMDB9fQ==",
          "dependencies": [
            "vkcs_networking_secgroup.main_sg"
          ]
        },
        {
          "index_key": 2,
          "schema_version": 0,
          "attributes": {
            "description": "",
            "direction": "ingress",
            "ethertype": "IPv4",
            "id": "3603649a-d7c1-475e-97e1-0c365fee296d",
            "port_range_max": 443,
            "port_range_min": 443,
            "protocol": "tcp",
            "region": "RegionOne",
            "remote_group_id": "",
            "remote_ip_prefix": "0.0.0.0/0",
            "sdn": "neutron",
            "security_group_id": "48a5a671-7af0-4b4b-82e6-cab4174e7d49",
            "timeouts": null
          },
          "sensitive_attributes": [],
          "private": "eyJlMmJmYjczMC1lY2FhLTExZTYtOGY4OC0zNDM2M2JjN2M0YzAiOnsiZGVsZXRlIjo2MDAwMDAwMDAwMDB9fQ==",
          "dependencies": [
            "vkcs_networking_secgroup.main_sg"
          ]
        }
      ]
    },
    {
      "mode": "managed",
      "type": "vkcs_networking_subnet",
      "name": "terraform_subnet",
      "provider": "provider[\"registry.terraform.io/vk-cs/vkcs\"]",
      "instances": [
        {
          "schema_version": 0,
          "attributes": {
            "all_tags": [],
            "allocation_pool": [
              {
                "end": "192.168.254.254",
                "start": "192.168.254.2"
              }
            ],
            "cidr": "192.168.254.0/24",
            "description": "",
            "dns_nameservers": null,
            "enable_dhcp": true,
            "gateway_ip": "192.168.254.1",
            "id": "da2f14e5-86ac-47b3-947b-f99b26817cb9",
            "name": "ITHUBterraformsubnet-Golubov",
            "network_id": "9d2bc3b4-c66a-4fef-b7ae-f0de8d80ffce",
            "no_gateway": false,
            "prefix_length": null,
            "region": "RegionOne",
            "sdn": "neutron",
            "subnetpool_id": "",
            "tags": null,
            "timeouts": null,
            "value_specs": null
          },
          "sensitive_attributes": [],
          "private": "eyJlMmJmYjczMC1lY2FhLTExZTYtOGY4OC0zNDM2M2JjN2M0YzAiOnsiY3JlYXRlIjo2MDAwMDAwMDAwMDAsImRlbGV0ZSI6NjAwMDAwMDAwMDAwfX0=",
          "dependencies": [
            "vkcs_networking_network.terraform_network"
          ]
        }
      ]
    }
  ],
  "check_results": null
}
